github.com/fsnotify/fsnotify v1.6.0 h1:n+5WquG0fcWoWp6xPWfHdbskMCQaFnG6PfBrh1Ky4HY=
github.com/fsnotify/fsnotify v1.6.0/go.mod h1:sl3t1tCWJFWoRz9R8WJCbQihKKwmorjAbSClcnxKAGw=
github.com/go-sql-driver/mysql v1.7.1 h1:lUIinVbN1DY0xBg0eMOzmmtGoHwWBbvnWubQUrtU8EI=
github.com/go-sql-driver/mysql v1.7.1/go.mod h1:OXbVy3sEdcQ2Doequ6Z5BW6fXNQTmx+9S1MCJN5yJMI=
github.com/google/uuid v1.3.0 h1:t6JiXgmwXMjEs8VusXIJk2BXHsn+wx8BZdTaoZ5fu7I=
github.com/google/uuid v1.3.0/go.mod h1:TIyPZe4MgqvfeYDBFedMoGGpEw/LqOeaOT+nhxU+yHo=
github.com/quadtrix/aesengine v0.0.0-20220907055548-598d44c87ea8 h1:odhv8xDihZS1YTDq9c+IlSxxCJx590A/d8rVv0ENZvs=
github.com/quadtrix/aesengine v0.0.0-20220907055548-598d44c87ea8/go.mod h1:b5iN1GjSIoU+ztXQGk/K1BQR08pI2F4xdRHsMiMd6WY=
github.com/quadtrix/audit v0.0.0-20230802091001-1c818bdd292d h1:gkBBEqXMQs6LpLuapqWzr1WtKVLGa+Fhnu7VkLM75Q4=
github.com/quadtrix/audit v0.0.0-20230802091001-1c818bdd292d/go.mod h1:Hv0wMApvkp8KEJRl0t9khqYGGBWO+btG4cJ2IESaxKQ=
github.com/quadtrix/basicqueue v0.0.0-20230802091001-7442fc831ebe h1:CRmPqrP4yVaWRQ3g5Q93HyKIDouKWzXx6d27L/6DiGk=
github.com/quadtrix/basicqueue v0.0.0-20230802091001-7442fc831ebe/go.mod h1:yxp9kMfTaiBSP7c9ao5xrIKlfRCiACSCQ4SZSu6Cew8=
github.com/quadtrix/configmanager v0.0.0-20230802091013-93a2315ea425 h1:ZCP1B9R2IFe/kuEL9l2b2LV7RJcSwqGq2FyooSMQOAE=
github.com/quadtrix/configmanager v0.0.0-20230802091013-93a2315ea425/go.mod h1:c7uLtHYZSgv0F+0jNWDitw82rO/5U4XaJq+CcCH90CI=
github.com/quadtrix/servicelogger v1.0.0-rc1 h1:UtxIe0XdghPMIDPW+rHrDexRACVmfk0/NHAqn3aXtr8=
github.com/quadtrix/servicelogger v1.0.0-rc1/go.mod h1:Flopvk6JG16uUTEUMkHxNOaM9Yi0xyqAL/bl4Yf9Odc=
golang.org/x/sys v0.0.0-20220908164124-27713097b956 h1:XeJjHH1KiLpKGb6lvMiksZ9l0fVUh+AmGcm0nOMEBOY=
golang.org/x/sys v0.0.0-20220908164124-27713097b956/go.mod h1:oPkhp1MJrh7nUepCBck5+mAzfO9JrbApNNgaTdGDITg=
